
Microsoft Visual Studio Solution File, Format Version 12.00
# Visual Studio Version 17
VisualStudioVersion = 17.12.35521.163 d17.12
MinimumVisualStudioVersion = 10.0.40219.1
Project("{2150E333-8FDC-42A3-9474-1A3956D46DE8}") = "Task0", "Task0", "{F6B9AF4F-BC25-4E83-B14F-30AA659B2F76}"
EndProject
Project("{FAE04EC0-301F-11D3-BF4B-00C04F79EFBC}") = "Tyuiu.PasechnikPA1.Sprint5.Task0.V6", "Tyuiu.PasechnikPA1.Sprint5.Task0.V6\Tyuiu.PasechnikPA1.Sprint5.Task0.V6.csproj", "{C374E6A8-9B53-466C-8D09-EDD907FF9D03}"
EndProject
Project("{FAE04EC0-301F-11D3-BF4B-00C04F79EFBC}") = "Tyuiu.PasechnikPA1.Sprint5.Task0.V6.Test", "Tyuiu.PasechnikPA1.Sprint5.Task0.V6.Test\Tyuiu.PasechnikPA1.Sprint5.Task0.V6.Test.csproj", "{8CE54468-9884-4BF6-9C49-2DBCDB14BFB1}"
EndProject
Project("{FAE04EC0-301F-11D3-BF4B-00C04F79EFBC}") = "Tyuiu.PasechnikPA1.Sprint5.Task0.V6.Lib", "Tyuiu.PasechnikPA1.Sprint5.Task0.V6.Lib\Tyuiu.PasechnikPA1.Sprint5.Task0.V6.Lib.csproj", "{6778D336-175F-4C9B-A498-4DD23FFA78DC}"
EndProject
Project("{2150E333-8FDC-42A3-9474-1A3956D46DE8}") = "Task1", "Task1", "{26B013CA-1390-498A-9514-E68B6DC014B6}"
EndProject
Project("{FAE04EC0-301F-11D3-BF4B-00C04F79EFBC}") = "Tyuiu.PasechnikPA1.Sprint5.Task1.V17", "Tyuiu.PasechnikPA1.Sprint5.Task1.V17\Tyuiu.PasechnikPA1.Sprint5.Task1.V17.csproj", "{E6BC5A9F-10F9-4A97-8597-23D8F1681F36}"
EndProject
Project("{FAE04EC0-301F-11D3-BF4B-00C04F79EFBC}") = "Tyuiu.PasechnikPA1.Sprint5.Task1.V17.Test", "Tyuiu.PasechnikPA1.Sprint5.Task1.V17.Test\Tyuiu.PasechnikPA1.Sprint5.Task1.V17.Test.csproj", "{4039598F-7B35-4CB8-8EF0-63F138750772}"
EndProject
Project("{FAE04EC0-301F-11D3-BF4B-00C04F79EFBC}") = "Tyuiu.PasechnikPA1.Sprint5.Task1.V17.Lib", "Tyuiu.PasechnikPA1.Sprint5.Task1.V17.Lib\Tyuiu.PasechnikPA1.Sprint5.Task1.V17.Lib.csproj", "{D2AB92DD-3453-44EE-BB43-830D79ED8D6F}"
EndProject
Project("{2150E333-8FDC-42A3-9474-1A3956D46DE8}") = "Task2", "Task2", "{D97FDD99-0C99-42E5-8823-87C8E29F8A06}"
EndProject
Project("{FAE04EC0-301F-11D3-BF4B-00C04F79EFBC}") = "Tyuiu.PasechnikPA1.Sprint5.Task2.V13", "Tyuiu.PasechnikPA1.Sprint5.Task2.V13\Tyuiu.PasechnikPA1.Sprint5.Task2.V13.csproj", "{CA97C3FA-9CC4-4D19-B40B-D8067E3367AB}"
EndProject
Project("{FAE04EC0-301F-11D3-BF4B-00C04F79EFBC}") = "Tyuiu.PasechnikPA1.Sprint5.Task2.V13.Test", "Tyuiu.PasechnikPA1.Sprint5.Task2.V13.Test\Tyuiu.PasechnikPA1.Sprint5.Task2.V13.Test.csproj", "{3FD132B7-BED6-4F24-8BC7-8F14546B993D}"
EndProject
Project("{FAE04EC0-301F-11D3-BF4B-00C04F79EFBC}") = "Tyuiu.PasechnikPA1.Sprint5.Task2.V13.Lib", "Tyuiu.PasechnikPA1.Sprint5.Task2.V13.Lib\Tyuiu.PasechnikPA1.Sprint5.Task2.V13.Lib.csproj", "{4D374B5E-9F0A-4E3A-AEF1-57981E9EECCB}"
EndProject
Global
	GlobalSection(SolutionConfigurationPlatforms) = preSolution
		Debug|Any CPU = Debug|Any CPU
		Release|Any CPU = Release|Any CPU
	EndGlobalSection
	GlobalSection(ProjectConfigurationPlatforms) = postSolution
		{C374E6A8-9B53-466C-8D09-EDD907FF9D03}.Debug|Any CPU.ActiveCfg = Debug|Any CPU
		{C374E6A8-9B53-466C-8D09-EDD907FF9D03}.Debug|Any CPU.Build.0 = Debug|Any CPU
		{C374E6A8-9B53-466C-8D09-EDD907FF9D03}.Release|Any CPU.ActiveCfg = Release|Any CPU
		{C374E6A8-9B53-466C-8D09-EDD907FF9D03}.Release|Any CPU.Build.0 = Release|Any CPU
		{8CE54468-9884-4BF6-9C49-2DBCDB14BFB1}.Debug|Any CPU.ActiveCfg = Debug|Any CPU
		{8CE54468-9884-4BF6-9C49-2DBCDB14BFB1}.Debug|Any CPU.Build.0 = Debug|Any CPU
		{8CE54468-9884-4BF6-9C49-2DBCDB14BFB1}.Release|Any CPU.ActiveCfg = Release|Any CPU
		{8CE54468-9884-4BF6-9C49-2DBCDB14BFB1}.Release|Any CPU.Build.0 = Release|Any CPU
		{6778D336-175F-4C9B-A498-4DD23FFA78DC}.Debug|Any CPU.ActiveCfg = Debug|Any CPU
		{6778D336-175F-4C9B-A498-4DD23FFA78DC}.Debug|Any CPU.Build.0 = Debug|Any CPU
		{6778D336-175F-4C9B-A498-4DD23FFA78DC}.Release|Any CPU.ActiveCfg = Release|Any CPU
		{6778D336-175F-4C9B-A498-4DD23FFA78DC}.Release|Any CPU.Build.0 = Release|Any CPU
		{E6BC5A9F-10F9-4A97-8597-23D8F1681F36}.Debug|Any CPU.ActiveCfg = Debug|Any CPU
		{E6BC5A9F-10F9-4A97-8597-23D8F1681F36}.Debug|Any CPU.Build.0 = Debug|Any CPU
		{E6BC5A9F-10F9-4A97-8597-23D8F1681F36}.Release|Any CPU.ActiveCfg = Release|Any CPU
		{E6BC5A9F-10F9-4A97-8597-23D8F1681F36}.Release|Any CPU.Build.0 = Release|Any CPU
		{4039598F-7B35-4CB8-8EF0-63F138750772}.Debug|Any CPU.ActiveCfg = Debug|Any CPU
		{4039598F-7B35-4CB8-8EF0-63F138750772}.Debug|Any CPU.Build.0 = Debug|Any CPU
		{4039598F-7B35-4CB8-8EF0-63F138750772}.Release|Any CPU.ActiveCfg = Release|Any CPU
		{4039598F-7B35-4CB8-8EF0-63F138750772}.Release|Any CPU.Build.0 = Release|Any CPU
		{D2AB92DD-3453-44EE-BB43-830D79ED8D6F}.Debug|Any CPU.ActiveCfg = Debug|Any CPU
		{D2AB92DD-3453-44EE-BB43-830D79ED8D6F}.Debug|Any CPU.Build.0 = Debug|Any CPU
		{D2AB92DD-3453-44EE-BB43-830D79ED8D6F}.Release|Any CPU.ActiveCfg = Release|Any CPU
		{D2AB92DD-3453-44EE-BB43-830D79ED8D6F}.Release|Any CPU.Build.0 = Release|Any CPU
		{CA97C3FA-9CC4-4D19-B40B-D8067E3367AB}.Debug|Any CPU.ActiveCfg = Debug|Any CPU
		{CA97C3FA-9CC4-4D19-B40B-D8067E3367AB}.Debug|Any CPU.Build.0 = Debug|Any CPU
		{CA97C3FA-9CC4-4D19-B40B-D8067E3367AB}.Release|Any CPU.ActiveCfg = Release|Any CPU
		{CA97C3FA-9CC4-4D19-B40B-D8067E3367AB}.Release|Any CPU.Build.0 = Release|Any CPU
		{3FD132B7-BED6-4F24-8BC7-8F14546B993D}.Debug|Any CPU.ActiveCfg = Debug|Any CPU
		{3FD132B7-BED6-4F24-8BC7-8F14546B993D}.Debug|Any CPU.Build.0 = Debug|Any CPU
		{3FD132B7-BED6-4F24-8BC7-8F14546B993D}.Release|Any CPU.ActiveCfg = Release|Any CPU
		{3FD132B7-BED6-4F24-8BC7-8F14546B993D}.Release|Any CPU.Build.0 = Release|Any CPU
		{4D374B5E-9F0A-4E3A-AEF1-57981E9EECCB}.Debug|Any CPU.ActiveCfg = Debug|Any CPU
		{4D374B5E-9F0A-4E3A-AEF1-57981E9EECCB}.Debug|Any CPU.Build.0 = Debug|Any CPU
		{4D374B5E-9F0A-4E3A-AEF1-57981E9EECCB}.Release|Any CPU.ActiveCfg = Release|Any CPU
		{4D374B5E-9F0A-4E3A-AEF1-57981E9EECCB}.Release|Any CPU.Build.0 = Release|Any CPU
	EndGlobalSection
	GlobalSection(SolutionProperties) = preSolution
		HideSolutionNode = FALSE
	EndGlobalSection
	GlobalSection(NestedProjects) = preSolution
		{C374E6A8-9B53-466C-8D09-EDD907FF9D03} = {F6B9AF4F-BC25-4E83-B14F-30AA659B2F76}
		{8CE54468-9884-4BF6-9C49-2DBCDB14BFB1} = {F6B9AF4F-BC25-4E83-B14F-30AA659B2F76}
		{6778D336-175F-4C9B-A498-4DD23FFA78DC} = {F6B9AF4F-BC25-4E83-B14F-30AA659B2F76}
		{E6BC5A9F-10F9-4A97-8597-23D8F1681F36} = {26B013CA-1390-498A-9514-E68B6DC014B6}
		{4039598F-7B35-4CB8-8EF0-63F138750772} = {26B013CA-1390-498A-9514-E68B6DC014B6}
		{D2AB92DD-3453-44EE-BB43-830D79ED8D6F} = {26B013CA-1390-498A-9514-E68B6DC014B6}
		{CA97C3FA-9CC4-4D19-B40B-D8067E3367AB} = {D97FDD99-0C99-42E5-8823-87C8E29F8A06}
		{3FD132B7-BED6-4F24-8BC7-8F14546B993D} = {D97FDD99-0C99-42E5-8823-87C8E29F8A06}
		{4D374B5E-9F0A-4E3A-AEF1-57981E9EECCB} = {D97FDD99-0C99-42E5-8823-87C8E29F8A06}
	EndGlobalSection
EndGlobal
