
Microsoft Visual Studio Solution File, Format Version 12.00
# Visual Studio Version 17
VisualStudioVersion = 17.12.35521.163 d17.12
MinimumVisualStudioVersion = 10.0.40219.1
Project("{2150E333-8FDC-42A3-9474-1A3956D46DE8}") = "Task0", "Task0", "{F6B9AF4F-BC25-4E83-B14F-30AA659B2F76}"
EndProject
Project("{FAE04EC0-301F-11D3-BF4B-00C04F79EFBC}") = "Tyuiu.PasechnikPA1.Sprint5.Task0.V6", "Tyuiu.PasechnikPA1.Sprint5.Task0.V6\Tyuiu.PasechnikPA1.Sprint5.Task0.V6.csproj", "{C374E6A8-9B53-466C-8D09-EDD907FF9D03}"
EndProject
Project("{FAE04EC0-301F-11D3-BF4B-00C04F79EFBC}") = "Tyuiu.PasechnikPA1.Sprint5.Task0.V6.Test", "Tyuiu.PasechnikPA1.Sprint5.Task0.V6.Test\Tyuiu.PasechnikPA1.Sprint5.Task0.V6.Test.csproj", "{8CE54468-9884-4BF6-9C49-2DBCDB14BFB1}"
EndProject
Project("{FAE04EC0-301F-11D3-BF4B-00C04F79EFBC}") = "Tyuiu.PasechnikPA1.Sprint5.Task0.V6.Lib", "Tyuiu.PasechnikPA1.Sprint5.Task0.V6.Lib\Tyuiu.PasechnikPA1.Sprint5.Task0.V6.Lib.csproj", "{6778D336-175F-4C9B-A498-4DD23FFA78DC}"
EndProject
Project("{2150E333-8FDC-42A3-9474-1A3956D46DE8}") = "Task1", "Task1", "{26B013CA-1390-498A-9514-E68B6DC014B6}"
EndProject
Project("{FAE04EC0-301F-11D3-BF4B-00C04F79EFBC}") = "Tyuiu.PasechnikPA1.Sprint5.Task1.V17", "Tyuiu.PasechnikPA1.Sprint5.Task1.V17\Tyuiu.PasechnikPA1.Sprint5.Task1.V17.csproj", "{E6BC5A9F-10F9-4A97-8597-23D8F1681F36}"
EndProject
Project("{FAE04EC0-301F-11D3-BF4B-00C04F79EFBC}") = "Tyuiu.PasechnikPA1.Sprint5.Task1.V17.Test", "Tyuiu.PasechnikPA1.Sprint5.Task1.V17.Test\Tyuiu.PasechnikPA1.Sprint5.Task1.V17.Test.csproj", "{4039598F-7B35-4CB8-8EF0-63F138750772}"
EndProject
Project("{FAE04EC0-301F-11D3-BF4B-00C04F79EFBC}") = "Tyuiu.PasechnikPA1.Sprint5.Task1.V17.Lib", "Tyuiu.PasechnikPA1.Sprint5.Task1.V17.Lib\Tyuiu.PasechnikPA1.Sprint5.Task1.V17.Lib.csproj", "{D2AB92DD-3453-44EE-BB43-830D79ED8D6F}"
EndProject
Project("{2150E333-8FDC-42A3-9474-1A3956D46DE8}") = "Task2", "Task2", "{D97FDD99-0C99-42E5-8823-87C8E29F8A06}"
EndProject
Project("{FAE04EC0-301F-11D3-BF4B-00C04F79EFBC}") = "Tyuiu.PasechnikPA1.Sprint5.Task2.V13", "Tyuiu.PasechnikPA1.Sprint5.Task2.V13\Tyuiu.PasechnikPA1.Sprint5.Task2.V13.csproj", "{CA97C3FA-9CC4-4D19-B40B-D8067E3367AB}"
EndProject
Project("{FAE04EC0-301F-11D3-BF4B-00C04F79EFBC}") = "Tyuiu.PasechnikPA1.Sprint5.Task2.V13.Test", "Tyuiu.PasechnikPA1.Sprint5.Task2.V13.Test\Tyuiu.PasechnikPA1.Sprint5.Task2.V13.Test.csproj", "{3FD132B7-BED6-4F24-8BC7-8F14546B993D}"
EndProject
Project("{FAE04EC0-301F-11D3-BF4B-00C04F79EFBC}") = "Tyuiu.PasechnikPA1.Sprint5.Task2.V13.Lib", "Tyuiu.PasechnikPA1.Sprint5.Task2.V13.Lib\Tyuiu.PasechnikPA1.Sprint5.Task2.V13.Lib.csproj", "{4D374B5E-9F0A-4E3A-AEF1-57981E9EECCB}"
EndProject
Project("{2150E333-8FDC-42A3-9474-1A3956D46DE8}") = "Task3", "Task3", "{A94C7D68-D12E-4E39-8431-6202C407D14B}"
EndProject
Project("{FAE04EC0-301F-11D3-BF4B-00C04F79EFBC}") = "Tyuiu.PasechnikPA1.Sprint5.Task3.V1", "Tyuiu.PasechnikPA1.Sprint5.Task3.V1\Tyuiu.PasechnikPA1.Sprint5.Task3.V1.csproj", "{D2E3A5CE-D3B5-4ED3-961B-71AAE8649F69}"
EndProject
Project("{FAE04EC0-301F-11D3-BF4B-00C04F79EFBC}") = "Tyuiu.PasechnikPA1.Sprint5.Task3.V1.Test", "Tyuiu.PasechnikPA1.Sprint5.Task3.V1.Test\Tyuiu.PasechnikPA1.Sprint5.Task3.V1.Test.csproj", "{FD4E3FB5-59A1-4596-8DFE-D9B2A38BC419}"
EndProject
Project("{FAE04EC0-301F-11D3-BF4B-00C04F79EFBC}") = "Tyuiu.PasechnikPA1.Sprint5.Task3.V1.Lib", "Tyuiu.PasechnikPA1.Sprint5.Task3.V1.Lib\Tyuiu.PasechnikPA1.Sprint5.Task3.V1.Lib.csproj", "{98A47813-BFE0-43CC-8BA0-AC2EEF9777FF}"
EndProject
Project("{2150E333-8FDC-42A3-9474-1A3956D46DE8}") = "Task4", "Task4", "{9AB411C6-2098-4381-9F90-2CA94B8974FF}"
EndProject
Project("{FAE04EC0-301F-11D3-BF4B-00C04F79EFBC}") = "Tyuiu.PasechnikPA1.Sprint5.Task4.V5", "Tyuiu.PasechnikPA1.Sprint5.Task4.V5\Tyuiu.PasechnikPA1.Sprint5.Task4.V5.csproj", "{EBA11F1F-C0DC-4500-A0C4-A3A04151FCEE}"
EndProject
Project("{FAE04EC0-301F-11D3-BF4B-00C04F79EFBC}") = "Tyuiu.PasechnikPA1.Sprint5.Task4.V5.Test", "Tyuiu.PasechnikPA1.Sprint5.Task4.V5.Test\Tyuiu.PasechnikPA1.Sprint5.Task4.V5.Test.csproj", "{9025CED8-FA76-4823-86EA-E23113382439}"
EndProject
Project("{FAE04EC0-301F-11D3-BF4B-00C04F79EFBC}") = "Tyuiu.PasechnikPA1.Sprint5.Task4.V5.Lib", "Tyuiu.PasechnikPA1.Sprint5.Task4.V5.Lib\Tyuiu.PasechnikPA1.Sprint5.Task4.V5.Lib.csproj", "{04AFC618-62BA-4C91-BCDA-7614C425BB21}"
EndProject
Project("{2150E333-8FDC-42A3-9474-1A3956D46DE8}") = "Task5", "Task5", "{119CA298-F460-4C9D-A298-19BB5D084F4B}"
EndProject
Project("{FAE04EC0-301F-11D3-BF4B-00C04F79EFBC}") = "Tyuiu.PasechnikPA1.Sprint5.Task5.V18", "Tyuiu.PasechnikPA1.Sprint5.Task5.V18\Tyuiu.PasechnikPA1.Sprint5.Task5.V18.csproj", "{7EB3026F-D242-4E58-8B01-5DA51A299D9D}"
EndProject
Project("{FAE04EC0-301F-11D3-BF4B-00C04F79EFBC}") = "Tyuiu.PasechnikPA1.Sprint5.Task5.V18.Test", "Tyuiu.PasechnikPA1.Sprint5.Task5.V18.Test\Tyuiu.PasechnikPA1.Sprint5.Task5.V18.Test.csproj", "{1D68A332-776B-4294-92BF-9B842940E8BF}"
EndProject
Project("{FAE04EC0-301F-11D3-BF4B-00C04F79EFBC}") = "Tyuiu.PasechnikPA1.Sprint5.Task5.V18.Lib", "Tyuiu.PasechnikPA1.Sprint5.Task5.V18.Lib\Tyuiu.PasechnikPA1.Sprint5.Task5.V18.Lib.csproj", "{6A87C443-EB33-4C9B-859F-DF41BFF112B2}"
EndProject
Project("{2150E333-8FDC-42A3-9474-1A3956D46DE8}") = "Task6", "Task6", "{36EB1AF1-69F1-4F41-803A-779B7765DE72}"
EndProject
Project("{FAE04EC0-301F-11D3-BF4B-00C04F79EFBC}") = "Tyuiu.PasechnikPA1.Sprint5.Task6.V1", "Tyuiu.PasechnikPA1.Sprint5.Task6.V1\Tyuiu.PasechnikPA1.Sprint5.Task6.V1.csproj", "{787A6E01-8205-4C6C-BBF1-86101025EF0C}"
EndProject
Project("{FAE04EC0-301F-11D3-BF4B-00C04F79EFBC}") = "Tyuiu.PasechnikPA1.Sprint5.Task6.V1.Test", "Tyuiu.PasechnikPA1.Sprint5.Task6.V1.Test\Tyuiu.PasechnikPA1.Sprint5.Task6.V1.Test.csproj", "{24F5694B-C1D7-402D-8D8D-FFD4B5A16551}"
EndProject
Project("{FAE04EC0-301F-11D3-BF4B-00C04F79EFBC}") = "Tyuiu.PasechnikPA1.Sprint5.Task6.V1.Lib", "Tyuiu.PasechnikPA1.Sprint5.Task6.V1.Lib\Tyuiu.PasechnikPA1.Sprint5.Task6.V1.Lib.csproj", "{8325727A-1DC9-409B-B600-F799969E9F79}"
EndProject
Project("{2150E333-8FDC-42A3-9474-1A3956D46DE8}") = "Task7", "Task7", "{E00906D9-086D-4743-88A3-AA0A8A4634DF}"
EndProject
Project("{FAE04EC0-301F-11D3-BF4B-00C04F79EFBC}") = "Tyuiu.PasechnikPA1.Sprint5.Task7.V18", "Tyuiu.PasechnikPA1.Sprint5.Task7.V18\Tyuiu.PasechnikPA1.Sprint5.Task7.V18.csproj", "{15515280-96E9-4B0E-8F50-7A9A3C79D7CB}"
EndProject
Project("{FAE04EC0-301F-11D3-BF4B-00C04F79EFBC}") = "Tyuiu.PasechnikPA1.Sprint5.Task7.V18.Test", "Tyuiu.PasechnikPA1.Sprint5.Task7.V18.Test\Tyuiu.PasechnikPA1.Sprint5.Task7.V18.Test.csproj", "{94CEC30F-135B-4B95-BD82-4B97543F883F}"
EndProject
Project("{FAE04EC0-301F-11D3-BF4B-00C04F79EFBC}") = "Tyuiu.PasechnikPA1.Sprint5.Task7.V18.Lib", "Tyuiu.PasechnikPA1.Sprint5.Task7.V18.Lib\Tyuiu.PasechnikPA1.Sprint5.Task7.V18.Lib.csproj", "{4A0F3012-38CB-4317-8ACC-A104A35AFBA1}"
EndProject
Global
	GlobalSection(SolutionConfigurationPlatforms) = preSolution
		Debug|Any CPU = Debug|Any CPU
		Release|Any CPU = Release|Any CPU
	EndGlobalSection
	GlobalSection(ProjectConfigurationPlatforms) = postSolution
		{C374E6A8-9B53-466C-8D09-EDD907FF9D03}.Debug|Any CPU.ActiveCfg = Debug|Any CPU
		{C374E6A8-9B53-466C-8D09-EDD907FF9D03}.Debug|Any CPU.Build.0 = Debug|Any CPU
		{C374E6A8-9B53-466C-8D09-EDD907FF9D03}.Release|Any CPU.ActiveCfg = Release|Any CPU
		{C374E6A8-9B53-466C-8D09-EDD907FF9D03}.Release|Any CPU.Build.0 = Release|Any CPU
		{8CE54468-9884-4BF6-9C49-2DBCDB14BFB1}.Debug|Any CPU.ActiveCfg = Debug|Any CPU
		{8CE54468-9884-4BF6-9C49-2DBCDB14BFB1}.Debug|Any CPU.Build.0 = Debug|Any CPU
		{8CE54468-9884-4BF6-9C49-2DBCDB14BFB1}.Release|Any CPU.ActiveCfg = Release|Any CPU
		{8CE54468-9884-4BF6-9C49-2DBCDB14BFB1}.Release|Any CPU.Build.0 = Release|Any CPU
		{6778D336-175F-4C9B-A498-4DD23FFA78DC}.Debug|Any CPU.ActiveCfg = Debug|Any CPU
		{6778D336-175F-4C9B-A498-4DD23FFA78DC}.Debug|Any CPU.Build.0 = Debug|Any CPU
		{6778D336-175F-4C9B-A498-4DD23FFA78DC}.Release|Any CPU.ActiveCfg = Release|Any CPU
		{6778D336-175F-4C9B-A498-4DD23FFA78DC}.Release|Any CPU.Build.0 = Release|Any CPU
		{E6BC5A9F-10F9-4A97-8597-23D8F1681F36}.Debug|Any CPU.ActiveCfg = Debug|Any CPU
		{E6BC5A9F-10F9-4A97-8597-23D8F1681F36}.Debug|Any CPU.Build.0 = Debug|Any CPU
		{E6BC5A9F-10F9-4A97-8597-23D8F1681F36}.Release|Any CPU.ActiveCfg = Release|Any CPU
		{E6BC5A9F-10F9-4A97-8597-23D8F1681F36}.Release|Any CPU.Build.0 = Release|Any CPU
		{4039598F-7B35-4CB8-8EF0-63F138750772}.Debug|Any CPU.ActiveCfg = Debug|Any CPU
		{4039598F-7B35-4CB8-8EF0-63F138750772}.Debug|Any CPU.Build.0 = Debug|Any CPU
		{4039598F-7B35-4CB8-8EF0-63F138750772}.Release|Any CPU.ActiveCfg = Release|Any CPU
		{4039598F-7B35-4CB8-8EF0-63F138750772}.Release|Any CPU.Build.0 = Release|Any CPU
		{D2AB92DD-3453-44EE-BB43-830D79ED8D6F}.Debug|Any CPU.ActiveCfg = Debug|Any CPU
		{D2AB92DD-3453-44EE-BB43-830D79ED8D6F}.Debug|Any CPU.Build.0 = Debug|Any CPU
		{D2AB92DD-3453-44EE-BB43-830D79ED8D6F}.Release|Any CPU.ActiveCfg = Release|Any CPU
		{D2AB92DD-3453-44EE-BB43-830D79ED8D6F}.Release|Any CPU.Build.0 = Release|Any CPU
		{CA97C3FA-9CC4-4D19-B40B-D8067E3367AB}.Debug|Any CPU.ActiveCfg = Debug|Any CPU
		{CA97C3FA-9CC4-4D19-B40B-D8067E3367AB}.Debug|Any CPU.Build.0 = Debug|Any CPU
		{CA97C3FA-9CC4-4D19-B40B-D8067E3367AB}.Release|Any CPU.ActiveCfg = Release|Any CPU
		{CA97C3FA-9CC4-4D19-B40B-D8067E3367AB}.Release|Any CPU.Build.0 = Release|Any CPU
		{3FD132B7-BED6-4F24-8BC7-8F14546B993D}.Debug|Any CPU.ActiveCfg = Debug|Any CPU
		{3FD132B7-BED6-4F24-8BC7-8F14546B993D}.Debug|Any CPU.Build.0 = Debug|Any CPU
		{3FD132B7-BED6-4F24-8BC7-8F14546B993D}.Release|Any CPU.ActiveCfg = Release|Any CPU
		{3FD132B7-BED6-4F24-8BC7-8F14546B993D}.Release|Any CPU.Build.0 = Release|Any CPU
		{4D374B5E-9F0A-4E3A-AEF1-57981E9EECCB}.Debug|Any CPU.ActiveCfg = Debug|Any CPU
		{4D374B5E-9F0A-4E3A-AEF1-57981E9EECCB}.Debug|Any CPU.Build.0 = Debug|Any CPU
		{4D374B5E-9F0A-4E3A-AEF1-57981E9EECCB}.Release|Any CPU.ActiveCfg = Release|Any CPU
		{4D374B5E-9F0A-4E3A-AEF1-57981E9EECCB}.Release|Any CPU.Build.0 = Release|Any CPU
		{D2E3A5CE-D3B5-4ED3-961B-71AAE8649F69}.Debug|Any CPU.ActiveCfg = Debug|Any CPU
		{D2E3A5CE-D3B5-4ED3-961B-71AAE8649F69}.Debug|Any CPU.Build.0 = Debug|Any CPU
		{D2E3A5CE-D3B5-4ED3-961B-71AAE8649F69}.Release|Any CPU.ActiveCfg = Release|Any CPU
		{D2E3A5CE-D3B5-4ED3-961B-71AAE8649F69}.Release|Any CPU.Build.0 = Release|Any CPU
		{FD4E3FB5-59A1-4596-8DFE-D9B2A38BC419}.Debug|Any CPU.ActiveCfg = Debug|Any CPU
		{FD4E3FB5-59A1-4596-8DFE-D9B2A38BC419}.Debug|Any CPU.Build.0 = Debug|Any CPU
		{FD4E3FB5-59A1-4596-8DFE-D9B2A38BC419}.Release|Any CPU.ActiveCfg = Release|Any CPU
		{FD4E3FB5-59A1-4596-8DFE-D9B2A38BC419}.Release|Any CPU.Build.0 = Release|Any CPU
		{98A47813-BFE0-43CC-8BA0-AC2EEF9777FF}.Debug|Any CPU.ActiveCfg = Debug|Any CPU
		{98A47813-BFE0-43CC-8BA0-AC2EEF9777FF}.Debug|Any CPU.Build.0 = Debug|Any CPU
		{98A47813-BFE0-43CC-8BA0-AC2EEF9777FF}.Release|Any CPU.ActiveCfg = Release|Any CPU
		{98A47813-BFE0-43CC-8BA0-AC2EEF9777FF}.Release|Any CPU.Build.0 = Release|Any CPU
		{EBA11F1F-C0DC-4500-A0C4-A3A04151FCEE}.Debug|Any CPU.ActiveCfg = Debug|Any CPU
		{EBA11F1F-C0DC-4500-A0C4-A3A04151FCEE}.Debug|Any CPU.Build.0 = Debug|Any CPU
		{EBA11F1F-C0DC-4500-A0C4-A3A04151FCEE}.Release|Any CPU.ActiveCfg = Release|Any CPU
		{EBA11F1F-C0DC-4500-A0C4-A3A04151FCEE}.Release|Any CPU.Build.0 = Release|Any CPU
		{9025CED8-FA76-4823-86EA-E23113382439}.Debug|Any CPU.ActiveCfg = Debug|Any CPU
		{9025CED8-FA76-4823-86EA-E23113382439}.Debug|Any CPU.Build.0 = Debug|Any CPU
		{9025CED8-FA76-4823-86EA-E23113382439}.Release|Any CPU.ActiveCfg = Release|Any CPU
		{9025CED8-FA76-4823-86EA-E23113382439}.Release|Any CPU.Build.0 = Release|Any CPU
		{04AFC618-62BA-4C91-BCDA-7614C425BB21}.Debug|Any CPU.ActiveCfg = Debug|Any CPU
		{04AFC618-62BA-4C91-BCDA-7614C425BB21}.Debug|Any CPU.Build.0 = Debug|Any CPU
		{04AFC618-62BA-4C91-BCDA-7614C425BB21}.Release|Any CPU.ActiveCfg = Release|Any CPU
		{04AFC618-62BA-4C91-BCDA-7614C425BB21}.Release|Any CPU.Build.0 = Release|Any CPU
		{7EB3026F-D242-4E58-8B01-5DA51A299D9D}.Debug|Any CPU.ActiveCfg = Debug|Any CPU
		{7EB3026F-D242-4E58-8B01-5DA51A299D9D}.Debug|Any CPU.Build.0 = Debug|Any CPU
		{7EB3026F-D242-4E58-8B01-5DA51A299D9D}.Release|Any CPU.ActiveCfg = Release|Any CPU
		{7EB3026F-D242-4E58-8B01-5DA51A299D9D}.Release|Any CPU.Build.0 = Release|Any CPU
		{1D68A332-776B-4294-92BF-9B842940E8BF}.Debug|Any CPU.ActiveCfg = Debug|Any CPU
		{1D68A332-776B-4294-92BF-9B842940E8BF}.Debug|Any CPU.Build.0 = Debug|Any CPU
		{1D68A332-776B-4294-92BF-9B842940E8BF}.Release|Any CPU.ActiveCfg = Release|Any CPU
		{1D68A332-776B-4294-92BF-9B842940E8BF}.Release|Any CPU.Build.0 = Release|Any CPU
		{6A87C443-EB33-4C9B-859F-DF41BFF112B2}.Debug|Any CPU.ActiveCfg = Debug|Any CPU
		{6A87C443-EB33-4C9B-859F-DF41BFF112B2}.Debug|Any CPU.Build.0 = Debug|Any CPU
		{6A87C443-EB33-4C9B-859F-DF41BFF112B2}.Release|Any CPU.ActiveCfg = Release|Any CPU
		{6A87C443-EB33-4C9B-859F-DF41BFF112B2}.Release|Any CPU.Build.0 = Release|Any CPU
		{787A6E01-8205-4C6C-BBF1-86101025EF0C}.Debug|Any CPU.ActiveCfg = Debug|Any CPU
		{787A6E01-8205-4C6C-BBF1-86101025EF0C}.Debug|Any CPU.Build.0 = Debug|Any CPU
		{787A6E01-8205-4C6C-BBF1-86101025EF0C}.Release|Any CPU.ActiveCfg = Release|Any CPU
		{787A6E01-8205-4C6C-BBF1-86101025EF0C}.Release|Any CPU.Build.0 = Release|Any CPU
		{24F5694B-C1D7-402D-8D8D-FFD4B5A16551}.Debug|Any CPU.ActiveCfg = Debug|Any CPU
		{24F5694B-C1D7-402D-8D8D-FFD4B5A16551}.Debug|Any CPU.Build.0 = Debug|Any CPU
		{24F5694B-C1D7-402D-8D8D-FFD4B5A16551}.Release|Any CPU.ActiveCfg = Release|Any CPU
		{24F5694B-C1D7-402D-8D8D-FFD4B5A16551}.Release|Any CPU.Build.0 = Release|Any CPU
		{8325727A-1DC9-409B-B600-F799969E9F79}.Debug|Any CPU.ActiveCfg = Debug|Any CPU
		{8325727A-1DC9-409B-B600-F799969E9F79}.Debug|Any CPU.Build.0 = Debug|Any CPU
		{8325727A-1DC9-409B-B600-F799969E9F79}.Release|Any CPU.ActiveCfg = Release|Any CPU
		{8325727A-1DC9-409B-B600-F799969E9F79}.Release|Any CPU.Build.0 = Release|Any CPU
		{15515280-96E9-4B0E-8F50-7A9A3C79D7CB}.Debug|Any CPU.ActiveCfg = Debug|Any CPU
		{15515280-96E9-4B0E-8F50-7A9A3C79D7CB}.Debug|Any CPU.Build.0 = Debug|Any CPU
		{15515280-96E9-4B0E-8F50-7A9A3C79D7CB}.Release|Any CPU.ActiveCfg = Release|Any CPU
		{15515280-96E9-4B0E-8F50-7A9A3C79D7CB}.Release|Any CPU.Build.0 = Release|Any CPU
		{94CEC30F-135B-4B95-BD82-4B97543F883F}.Debug|Any CPU.ActiveCfg = Debug|Any CPU
		{94CEC30F-135B-4B95-BD82-4B97543F883F}.Debug|Any CPU.Build.0 = Debug|Any CPU
		{94CEC30F-135B-4B95-BD82-4B97543F883F}.Release|Any CPU.ActiveCfg = Release|Any CPU
		{94CEC30F-135B-4B95-BD82-4B97543F883F}.Release|Any CPU.Build.0 = Release|Any CPU
		{4A0F3012-38CB-4317-8ACC-A104A35AFBA1}.Debug|Any CPU.ActiveCfg = Debug|Any CPU
		{4A0F3012-38CB-4317-8ACC-A104A35AFBA1}.Debug|Any CPU.Build.0 = Debug|Any CPU
		{4A0F3012-38CB-4317-8ACC-A104A35AFBA1}.Release|Any CPU.ActiveCfg = Release|Any CPU
		{4A0F3012-38CB-4317-8ACC-A104A35AFBA1}.Release|Any CPU.Build.0 = Release|Any CPU
	EndGlobalSection
	GlobalSection(SolutionProperties) = preSolution
		HideSolutionNode = FALSE
	EndGlobalSection
	GlobalSection(NestedProjects) = preSolution
		{C374E6A8-9B53-466C-8D09-EDD907FF9D03} = {F6B9AF4F-BC25-4E83-B14F-30AA659B2F76}
		{8CE54468-9884-4BF6-9C49-2DBCDB14BFB1} = {F6B9AF4F-BC25-4E83-B14F-30AA659B2F76}
		{6778D336-175F-4C9B-A498-4DD23FFA78DC} = {F6B9AF4F-BC25-4E83-B14F-30AA659B2F76}
		{E6BC5A9F-10F9-4A97-8597-23D8F1681F36} = {26B013CA-1390-498A-9514-E68B6DC014B6}
		{4039598F-7B35-4CB8-8EF0-63F138750772} = {26B013CA-1390-498A-9514-E68B6DC014B6}
		{D2AB92DD-3453-44EE-BB43-830D79ED8D6F} = {26B013CA-1390-498A-9514-E68B6DC014B6}
		{CA97C3FA-9CC4-4D19-B40B-D8067E3367AB} = {D97FDD99-0C99-42E5-8823-87C8E29F8A06}
		{3FD132B7-BED6-4F24-8BC7-8F14546B993D} = {D97FDD99-0C99-42E5-8823-87C8E29F8A06}
		{4D374B5E-9F0A-4E3A-AEF1-57981E9EECCB} = {D97FDD99-0C99-42E5-8823-87C8E29F8A06}
		{D2E3A5CE-D3B5-4ED3-961B-71AAE8649F69} = {A94C7D68-D12E-4E39-8431-6202C407D14B}
		{FD4E3FB5-59A1-4596-8DFE-D9B2A38BC419} = {A94C7D68-D12E-4E39-8431-6202C407D14B}
		{98A47813-BFE0-43CC-8BA0-AC2EEF9777FF} = {A94C7D68-D12E-4E39-8431-6202C407D14B}
		{EBA11F1F-C0DC-4500-A0C4-A3A04151FCEE} = {9AB411C6-2098-4381-9F90-2CA94B8974FF}
		{9025CED8-FA76-4823-86EA-E23113382439} = {9AB411C6-2098-4381-9F90-2CA94B8974FF}
		{04AFC618-62BA-4C91-BCDA-7614C425BB21} = {9AB411C6-2098-4381-9F90-2CA94B8974FF}
		{7EB3026F-D242-4E58-8B01-5DA51A299D9D} = {119CA298-F460-4C9D-A298-19BB5D084F4B}
		{1D68A332-776B-4294-92BF-9B842940E8BF} = {119CA298-F460-4C9D-A298-19BB5D084F4B}
		{6A87C443-EB33-4C9B-859F-DF41BFF112B2} = {119CA298-F460-4C9D-A298-19BB5D084F4B}
		{787A6E01-8205-4C6C-BBF1-86101025EF0C} = {36EB1AF1-69F1-4F41-803A-779B7765DE72}
		{24F5694B-C1D7-402D-8D8D-FFD4B5A16551} = {36EB1AF1-69F1-4F41-803A-779B7765DE72}
		{8325727A-1DC9-409B-B600-F799969E9F79} = {36EB1AF1-69F1-4F41-803A-779B7765DE72}
		{15515280-96E9-4B0E-8F50-7A9A3C79D7CB} = {E00906D9-086D-4743-88A3-AA0A8A4634DF}
		{94CEC30F-135B-4B95-BD82-4B97543F883F} = {E00906D9-086D-4743-88A3-AA0A8A4634DF}
		{4A0F3012-38CB-4317-8ACC-A104A35AFBA1} = {E00906D9-086D-4743-88A3-AA0A8A4634DF}
	EndGlobalSection
EndGlobal
